
Microsoft Visual Studio Solution File, Format Version 12.00
# Visual Studio Version 17
VisualStudioVersion = 17.9.34622.214
MinimumVisualStudioVersion = 10.0.40219.1
Project("{FAE04EC0-301F-11D3-BF4B-00C04F79EFBC}") = "Analyzer2", "Analyzer2\Analyzer2\Analyzer2.csproj", "{9DE734C1-8A71-4C84-8EA9-D6A547CCE120}"
EndProject
Project("{FAE04EC0-301F-11D3-BF4B-00C04F79EFBC}") = "Analyzer2.CodeFixes", "Analyzer2\Analyzer2.CodeFixes\Analyzer2.CodeFixes.csproj", "{57413F59-D319-4017-AC3D-38169BC5AD52}"
EndProject
Project("{FAE04EC0-301F-11D3-BF4B-00C04F79EFBC}") = "Analyzer2.Package", "Analyzer2\Analyzer2.Package\Analyzer2.Package.csproj", "{8A5D1272-1C2C-47A1-A85D-D15CCA7F1BF0}"
EndProject
Project("{FAE04EC0-301F-11D3-BF4B-00C04F79EFBC}") = "Analyzer2.Test", "Analyzer2\Analyzer2.Test\Analyzer2.Test.csproj", "{DC735DCF-5AC7-434B-95C2-607B9F95A141}"
EndProject
Project("{FAE04EC0-301F-11D3-BF4B-00C04F79EFBC}") = "Analyzer2.Vsix", "Analyzer2\Analyzer2.Vsix\Analyzer2.Vsix.csproj", "{EF2243FF-45C8-4D1E-B833-B38CDF3D1DBD}"
EndProject
Global
	GlobalSection(SolutionConfigurationPlatforms) = preSolution
		Debug|Any CPU = Debug|Any CPU
		Release|Any CPU = Release|Any CPU
	EndGlobalSection
	GlobalSection(ProjectConfigurationPlatforms) = postSolution
		{9DE734C1-8A71-4C84-8EA9-D6A547CCE120}.Debug|Any CPU.ActiveCfg = Debug|Any CPU
		{9DE734C1-8A71-4C84-8EA9-D6A547CCE120}.Debug|Any CPU.Build.0 = Debug|Any CPU
		{9DE734C1-8A71-4C84-8EA9-D6A547CCE120}.Release|Any CPU.ActiveCfg = Release|Any CPU
		{9DE734C1-8A71-4C84-8EA9-D6A547CCE120}.Release|Any CPU.Build.0 = Release|Any CPU
		{57413F59-D319-4017-AC3D-38169BC5AD52}.Debug|Any CPU.ActiveCfg = Debug|Any CPU
		{57413F59-D319-4017-AC3D-38169BC5AD52}.Debug|Any CPU.Build.0 = Debug|Any CPU
		{57413F59-D319-4017-AC3D-38169BC5AD52}.Release|Any CPU.ActiveCfg = Release|Any CPU
		{57413F59-D319-4017-AC3D-38169BC5AD52}.Release|Any CPU.Build.0 = Release|Any CPU
		{8A5D1272-1C2C-47A1-A85D-D15CCA7F1BF0}.Debug|Any CPU.ActiveCfg = Debug|Any CPU
		{8A5D1272-1C2C-47A1-A85D-D15CCA7F1BF0}.Debug|Any CPU.Build.0 = Debug|Any CPU
		{8A5D1272-1C2C-47A1-A85D-D15CCA7F1BF0}.Release|Any CPU.ActiveCfg = Release|Any CPU
		{8A5D1272-1C2C-47A1-A85D-D15CCA7F1BF0}.Release|Any CPU.Build.0 = Release|Any CPU
		{DC735DCF-5AC7-434B-95C2-607B9F95A141}.Debug|Any CPU.ActiveCfg = Debug|Any CPU
		{DC735DCF-5AC7-434B-95C2-607B9F95A141}.Debug|Any CPU.Build.0 = Debug|Any CPU
		{DC735DCF-5AC7-434B-95C2-607B9F95A141}.Release|Any CPU.ActiveCfg = Release|Any CPU
		{DC735DCF-5AC7-434B-95C2-607B9F95A141}.Release|Any CPU.Build.0 = Release|Any CPU
		{EF2243FF-45C8-4D1E-B833-B38CDF3D1DBD}.Debug|Any CPU.ActiveCfg = Debug|Any CPU
		{EF2243FF-45C8-4D1E-B833-B38CDF3D1DBD}.Debug|Any CPU.Build.0 = Debug|Any CPU
		{EF2243FF-45C8-4D1E-B833-B38CDF3D1DBD}.Release|Any CPU.ActiveCfg = Release|Any CPU
		{EF2243FF-45C8-4D1E-B833-B38CDF3D1DBD}.Release|Any CPU.Build.0 = Release|Any CPU
	EndGlobalSection
	GlobalSection(SolutionProperties) = preSolution
		HideSolutionNode = FALSE
	EndGlobalSection
	GlobalSection(ExtensibilityGlobals) = postSolution
		SolutionGuid = {5B45E354-1B81-4367-B75C-0491CF500CE8}
	EndGlobalSection
EndGlobal
